
Microsoft Visual Studio Solution File, Format Version 11.00
# Visual Studio 2010
Project("{159641D6-6404-4A2A-AE62-294DE0FE8301}") = "Pregunta3", "Pregunta3\Pregunta3.dtproj", "{CB92B719-4B7E-473D-8173-DA6FB01DC156}"
EndProject
Global
	GlobalSection(SolutionConfigurationPlatforms) = preSolution
		Development|Default = Development|Default
	EndGlobalSection
	GlobalSection(ProjectConfigurationPlatforms) = postSolution
		{CB92B719-4B7E-473D-8173-DA6FB01DC156}.Development|Default.ActiveCfg = Development
		{CB92B719-4B7E-473D-8173-DA6FB01DC156}.Development|Default.Build.0 = Development
	EndGlobalSection
	GlobalSection(SolutionProperties) = preSolution
		HideSolutionNode = FALSE
	EndGlobalSection
EndGlobal
